// !$*UTF8*$!
{
	archiveVersion = 1;
	classes = {
	};
	objectVersion = 50;
	objects = {

/* Begin PBXBuildFile section */
		EE49DA9122C217E900EDA2C8 /* AppDelegate.swift in Sources */ = {isa = PBXBuildFile; fileRef = EE49DA9022C217E900EDA2C8 /* AppDelegate.swift */; };
		EE49DA9322C217E900EDA2C8 /* SceneDelegate.swift in Sources */ = {isa = PBXBuildFile; fileRef = EE49DA9222C217E900EDA2C8 /* SceneDelegate.swift */; };
		EE49DA9522C217E900EDA2C8 /* ContentView.swift in Sources */ = {isa = PBXBuildFile; fileRef = EE49DA9422C217E900EDA2C8 /* ContentView.swift */; };
		EE49DA9722C217EB00EDA2C8 /* Assets.xcassets in Resources */ = {isa = PBXBuildFile; fileRef = EE49DA9622C217EB00EDA2C8 /* Assets.xcassets */; };
		EE49DA9A22C217EB00EDA2C8 /* Preview Assets.xcassets in Resources */ = {isa = PBXBuildFile; fileRef = EE49DA9922C217EB00EDA2C8 /* Preview Assets.xcassets */; };
		EE49DA9D22C217EB00EDA2C8 /* LaunchScreen.storyboard in Resources */ = {isa = PBXBuildFile; fileRef = EE49DA9B22C217EB00EDA2C8 /* LaunchScreen.storyboard */; };
		EE49DAA522C21A1300EDA2C8 /* CircleImage.swift in Sources */ = {isa = PBXBuildFile; fileRef = EE49DAA422C21A1300EDA2C8 /* CircleImage.swift */; };
		EE49DAA722C21BA100EDA2C8 /* MapView.swift in Sources */ = {isa = PBXBuildFile; fileRef = EE49DAA622C21BA100EDA2C8 /* MapView.swift */; };
/* End PBXBuildFile section */

/* Begin PBXFileReference section */
		EE49DA8D22C217E900EDA2C8 /* Landmarks.app */ = {isa = PBXFileReference; explicitFileType = wrapper.application; includeInIndex = 0; path = Landmarks.app; sourceTree = BUILT_PRODUCTS_DIR; };
		EE49DA9022C217E900EDA2C8 /* AppDelegate.swift */ = {isa = PBXFileReference; lastKnownFileType = sourcecode.swift; path = AppDelegate.swift; sourceTree = "<group>"; };
		EE49DA9222C217E900EDA2C8 /* SceneDelegate.swift */ = {isa = PBXFileReference; lastKnownFileType = sourcecode.swift; path = SceneDelegate.swift; sourceTree = "<group>"; };
		EE49DA9422C217E900EDA2C8 /* ContentView.swift */ = {isa = PBXFileReference; lastKnownFileType = sourcecode.swift; path = ContentView.swift; sourceTree = "<group>"; };
		EE49DA9622C217EB00EDA2C8 /* Assets.xcassets */ = {isa = PBXFileReference; lastKnownFileType = folder.assetcatalog; path = Assets.xcassets; sourceTree = "<group>"; };
		EE49DA9922C217EB00EDA2C8 /* Preview Assets.xcassets */ = {isa = PBXFileReference; lastKnownFileType = folder.assetcatalog; path = "Preview Assets.xcassets"; sourceTree = "<group>"; };
		EE49DA9C22C217EB00EDA2C8 /* Base */ = {isa = PBXFileReference; lastKnownFileType = file.storyboard; name = Base; path = Base.lproj/LaunchScreen.storyboard; sourceTree = "<group>"; };
		EE49DA9E22C217EB00EDA2C8 /* Info.plist */ = {isa = PBXFileReference; lastKnownFileType = text.plist.xml; path = Info.plist; sourceTree = "<group>"; };
		EE49DAA422C21A1300EDA2C8 /* CircleImage.swift */ = {isa = PBXFileReference; lastKnownFileType = sourcecode.swift; path = CircleImage.swift; sourceTree = "<group>"; };
		EE49DAA622C21BA100EDA2C8 /* MapView.swift */ = {isa = PBXFileReference; lastKnownFileType = sourcecode.swift; path = MapView.swift; sourceTree = "<group>"; };
/* End PBXFileReference section */

/* Begin PBXFrameworksBuildPhase section */
		EE49DA8A22C217E900EDA2C8 /* Frameworks */ = {
			isa = PBXFrameworksBuildPhase;
			buildActionMask = 2147483647;
			files = (
			);
			runOnlyForDeploymentPostprocessing = 0;
		};
/* End PBXFrameworksBuildPhase section */

/* Begin PBXGroup section */
		EE49DA8422C217E900EDA2C8 = {
			isa = PBXGroup;
			children = (
				EE49DA8F22C217E900EDA2C8 /* Landmarks */,
				EE49DA8E22C217E900EDA2C8 /* Products */,
			);
			sourceTree = "<group>";
		};
		EE49DA8E22C217E900EDA2C8 /* Products */ = {
			isa = PBXGroup;
			children = (
				EE49DA8D22C217E900EDA2C8 /* Landmarks.app */,
			);
			name = Products;
			sourceTree = "<group>";
		};
		EE49DA8F22C217E900EDA2C8 /* Landmarks */ = {
			isa = PBXGroup;
			children = (
				EE49DA9022C217E900EDA2C8 /* AppDelegate.swift */,
				EE49DA9222C217E900EDA2C8 /* SceneDelegate.swift */,
				EE49DA9422C217E900EDA2C8 /* ContentView.swift */,
				EE49DAA422C21A1300EDA2C8 /* CircleImage.swift */,
				EE49DAA622C21BA100EDA2C8 /* MapView.swift */,
				EE49DA9622C217EB00EDA2C8 /* Assets.xcassets */,
				EE49DA9B22C217EB00EDA2C8 /* LaunchScreen.storyboard */,
				EE49DA9E22C217EB00EDA2C8 /* Info.plist */,
				EE49DA9822C217EB00EDA2C8 /* Preview Content */,
			);
			path = Landmarks;
			sourceTree = "<group>";
		};
		EE49DA9822C217EB00EDA2C8 /* Preview Content */ = {
			isa = PBXGroup;
			children = (
				EE49DA9922C217EB00EDA2C8 /* Preview Assets.xcassets */,
			);
			path = "Preview Content";
			sourceTree = "<group>";
		};
/* End PBXGroup section */

/* Begin PBXNativeTarget section */
		EE49DA8C22C217E900EDA2C8 /* Landmarks */ = {
			isa = PBXNativeTarget;
			buildConfigurationList = EE49DAA122C217EB00EDA2C8 /* Build configuration list for PBXNativeTarget "Landmarks" */;
			buildPhases = (
				EE49DA8922C217E900EDA2C8 /* Sources */,
				EE49DA8A22C217E900EDA2C8 /* Frameworks */,
				EE49DA8B22C217E900EDA2C8 /* Resources */,
			);
			buildRules = (
			);
			dependencies = (
			);
			name = Landmarks;
			productName = Landmarks;
			productReference = EE49DA8D22C217E900EDA2C8 /* Landmarks.app */;
			productType = "com.apple.product-type.application";
		};
/* End PBXNativeTarget section */

/* Begin PBXProject section */
		EE49DA8522C217E900EDA2C8 /* Project object */ = {
			isa = PBXProject;
			attributes = {
				LastSwiftUpdateCheck = 1100;
				LastUpgradeCheck = 1100;
				ORGANIZATIONNAME = PP;
				TargetAttributes = {
					EE49DA8C22C217E900EDA2C8 = {
						CreatedOnToolsVersion = 11.0;
					};
				};
			};
			buildConfigurationList = EE49DA8822C217E900EDA2C8 /* Build configuration list for PBXProject "Landmarks" */;
			compatibilityVersion = "Xcode 9.3";
			developmentRegion = en;
			hasScannedForEncodings = 0;
			knownRegions = (
				en,
				Base,
			);
			mainGroup = EE49DA8422C217E900EDA2C8;
			productRefGroup = EE49DA8E22C217E900EDA2C8 /* Products */;
			projectDirPath = "";
			projectRoot = "";
			targets = (
				EE49DA8C22C217E900EDA2C8 /* Landmarks */,
			);
		};
/* End PBXProject section */

/* Begin PBXResourcesBuildPhase section */
		EE49DA8B22C217E900EDA2C8 /* Resources */ = {
			isa = PBXResourcesBuildPhase;
			buildActionMask = 2147483647;
			files = (
				EE49DA9D22C217EB00EDA2C8 /* LaunchScreen.storyboard in Resources */,
				EE49DA9A22C217EB00EDA2C8 /* Preview Assets.xcassets in Resources */,
				EE49DA9722C217EB00EDA2C8 /* Assets.xcassets in Resources */,
			);
			runOnlyForDeploymentPostprocessing = 0;
		};
/* End PBXResourcesBuildPhase section */

/* Begin PBXSourcesBuildPhase section */
		EE49DA8922C217E900EDA2C8 /* Sources */ = {
			isa = PBXSourcesBuildPhase;
			buildActionMask = 2147483647;
			files = (
				EE49DA9122C217E900EDA2C8 /* AppDelegate.swift in Sources */,
				EE49DAA522C21A1300EDA2C8 /* CircleImage.swift in Sources */,
				EE49DAA722C21BA100EDA2C8 /* MapView.swift in Sources */,
				EE49DA9322C217E900EDA2C8 /* SceneDelegate.swift in Sources */,
				EE49DA9522C217E900EDA2C8 /* ContentView.swift in Sources */,
			);
			runOnlyForDeploymentPostprocessing = 0;
		};
/* End PBXSourcesBuildPhase section */

/* Begin PBXVariantGroup section */
		EE49DA9B22C217EB00EDA2C8 /* LaunchScreen.storyboard */ = {
			isa = PBXVariantGroup;
			children = (
				EE49DA9C22C217EB00EDA2C8 /* Base */,
			);
			name = LaunchScreen.storyboard;
			sourceTree = "<group>";
		};
/* End PBXVariantGroup section */

/* Begin XCBuildConfiguration section */
		EE49DA9F22C217EB00EDA2C8 /* Debug */ = {
			isa = XCBuildConfiguration;
			buildSettings = {
				ALWAYS_SEARCH_USER_PATHS = NO;
				CLANG_ANALYZER_NONNULL = YES;
				CLANG_ANALYZER_NUMBER_OBJECT_CONVERSION = YES_AGGRESSIVE;
				CLANG_CXX_LANGUAGE_STANDARD = "gnu++14";
				CLANG_CXX_LIBRARY = "libc++";
				CLANG_ENABLE_MODULES = YES;
				CLANG_ENABLE_OBJC_ARC = YES;
				CLANG_ENABLE_OBJC_WEAK = YES;
				CLANG_WARN_BLOCK_CAPTURE_AUTORELEASING = YES;
				CLANG_WARN_BOOL_CONVERSION = YES;
				CLANG_WARN_COMMA = YES;
				CLANG_WARN_CONSTANT_CONVERSION = YES;
				CLANG_WARN_DEPRECATED_OBJC_IMPLEMENTATIONS = YES;
				CLANG_WARN_DIRECT_OBJC_ISA_USAGE = YES_ERROR;
				CLANG_WARN_DOCUMENTATION_COMMENTS = YES;
				CLANG_WARN_EMPTY_BODY = YES;
				CLANG_WARN_ENUM_CONVERSION = YES;
				CLANG_WARN_INFINITE_RECURSION = YES;
				CLANG_WARN_INT_CONVERSION = YES;
				CLANG_WARN_NON_LITERAL_NULL_CONVERSION = YES;
				CLANG_WARN_OBJC_IMPLICIT_RETAIN_SELF = YES;
				CLANG_WARN_OBJC_LITERAL_CONVERSION = YES;
				CLANG_WARN_OBJC_ROOT_CLASS = YES_ERROR;
				CLANG_WARN_RANGE_LOOP_ANALYSIS = YES;
				CLANG_WARN_STRICT_PROTOTYPES = YES;
				CLANG_WARN_SUSPICIOUS_MOVE = YES;
				CLANG_WARN_UNGUARDED_AVAILABILITY = YES_AGGRESSIVE;
				CLANG_WARN_UNREACHABLE_CODE = YES;
				CLANG_WARN__DUPLICATE_METHOD_MATCH = YES;
				COPY_PHASE_STRIP = NO;
				DEBUG_INFORMATION_FORMAT = dwarf;
				ENABLE_STRICT_OBJC_MSGSEND = YES;
				ENABLE_TESTABILITY = YES;
				GCC_C_LANGUAGE_STANDARD = gnu11;
				GCC_DYNAMIC_NO_PIC = NO;
				GCC_NO_COMMON_BLOCKS = YES;
				GCC_OPTIMIZATION_LEVEL = 0;
				GCC_PREPROCESSOR_DEFINITIONS = (
					"DEBUG=1",
					"$(inherited)",
				);
				GCC_WARN_64_TO_32_BIT_CONVERSION = YES;
				GCC_WARN_ABOUT_RETURN_TYPE = YES_ERROR;
				GCC_WARN_UNDECLARED_SELECTOR = YES;
				GCC_WARN_UNINITIALIZED_AUTOS = YES_AGGRESSIVE;
				GCC_WARN_UNUSED_FUNCTION = YES;
				GCC_WARN_UNUSED_VARIABLE = YES;
				IPHONEOS_DEPLOYMENT_TARGET = 13.0;
				MTL_ENABLE_DEBUG_INFO = INCLUDE_SOURCE;
				MTL_FAST_MATH = YES;
				ONLY_ACTIVE_ARCH = YES;
				SDKROOT = iphoneos;
				SWIFT_ACTIVE_COMPILATION_CONDITIONS = DEBUG;
				SWIFT_OPTIMIZATION_LEVEL = "-Onone";
			};
			name = Debug;
		};
		EE49DAA022C217EB00EDA2C8 /* Release */ = {
			isa = XCBuildConfiguration;
			buildSettings = {
				ALWAYS_SEARCH_USER_PATHS = NO;
				CLANG_ANALYZER_NONNULL = YES;
				CLANG_ANALYZER_NUMBER_OBJECT_CONVERSION = YES_AGGRESSIVE;
				CLANG_CXX_LANGUAGE_STANDARD = "gnu++14";
				CLANG_CXX_LIBRARY = "libc++";
				CLANG_ENABLE_MODULES = YES;
				CLANG_ENABLE_OBJC_ARC = YES;
				CLANG_ENABLE_OBJC_WEAK = YES;
				CLANG_WARN_BLOCK_CAPTURE_AUTORELEASING = YES;
				CLANG_WARN_BOOL_CONVERSION = YES;
				CLANG_WARN_COMMA = YES;
				CLANG_WARN_CONSTANT_CONVERSION = YES;
				CLANG_WARN_DEPRECATED_OBJC_IMPLEMENTATIONS = YES;
				CLANG_WARN_DIRECT_OBJC_ISA_USAGE = YES_ERROR;
				CLANG_WARN_DOCUMENTATION_COMMENTS = YES;
				CLANG_WARN_EMPTY_BODY = YES;
				CLANG_WARN_ENUM_CONVERSION = YES;
				CLANG_WARN_INFINITE_RECURSION = YES;
				CLANG_WARN_INT_CONVERSION = YES;
				CLANG_WARN_NON_LITERAL_NULL_CONVERSION = YES;
				CLANG_WARN_OBJC_IMPLICIT_RETAIN_SELF = YES;
				CLANG_WARN_OBJC_LITERAL_CONVERSION = YES;
				CLANG_WARN_OBJC_ROOT_CLASS = YES_ERROR;
				CLANG_WARN_RANGE_LOOP_ANALYSIS = YES;
				CLANG_WARN_STRICT_PROTOTYPES = YES;
				CLANG_WARN_SUSPICIOUS_MOVE = YES;
				CLANG_WARN_UNGUARDED_AVAILABILITY = YES_AGGRESSIVE;
				CLANG_WARN_UNREACHABLE_CODE = YES;
				CLANG_WARN__DUPLICATE_METHOD_MATCH = YES;
				COPY_PHASE_STRIP = NO;
				DEBUG_INFORMATION_FORMAT = "dwarf-with-dsym";
				ENABLE_NS_ASSERTIONS = NO;
				ENABLE_STRICT_OBJC_MSGSEND = YES;
				GCC_C_LANGUAGE_STANDARD = gnu11;
				GCC_NO_COMMON_BLOCKS = YES;
				GCC_WARN_64_TO_32_BIT_CONVERSION = YES;
				GCC_WARN_ABOUT_RETURN_TYPE = YES_ERROR;
				GCC_WARN_UNDECLARED_SELECTOR = YES;
				GCC_WARN_UNINITIALIZED_AUTOS = YES_AGGRESSIVE;
				GCC_WARN_UNUSED_FUNCTION = YES;
				GCC_WARN_UNUSED_VARIABLE = YES;
				IPHONEOS_DEPLOYMENT_TARGET = 13.0;
				MTL_ENABLE_DEBUG_INFO = NO;
				MTL_FAST_MATH = YES;
				SDKROOT = iphoneos;
				SWIFT_COMPILATION_MODE = wholemodule;
				SWIFT_OPTIMIZATION_LEVEL = "-O";
				VALIDATE_PRODUCT = YES;
			};
			name = Release;
		};
		EE49DAA222C217EB00EDA2C8 /* Debug */ = {
			isa = XCBuildConfiguration;
			buildSettings = {
				ASSETCATALOG_COMPILER_APPICON_NAME = AppIcon;
				CODE_SIGN_STYLE = Automatic;
				DEVELOPMENT_ASSET_PATHS = "Landmarks/Preview\\ Content";
				DEVELOPMENT_TEAM = P6ZQ83429Z;
				ENABLE_PREVIEWS = YES;
				INFOPLIST_FILE = Landmarks/Info.plist;
				LD_RUNPATH_SEARCH_PATHS = (
					"$(inherited)",
					"@executable_path/Frameworks",
				);
				PRODUCT_BUNDLE_IDENTIFIER = pp.Landmarks;
				PRODUCT_NAME = "$(TARGET_NAME)";
				SWIFT_VERSION = 5.0;
				TARGETED_DEVICE_FAMILY = "1,2";
			};
			name = Debug;
		};
		EE49DAA322C217EB00EDA2C8 /* Release */ = {
			isa = XCBuildConfiguration;
			buildSettings = {
				ASSETCATALOG_COMPILER_APPICON_NAME = AppIcon;
				CODE_SIGN_STYLE = Automatic;
				DEVELOPMENT_ASSET_PATHS = "Landmarks/Preview\\ Content";
				DEVELOPMENT_TEAM = P6ZQ83429Z;
				ENABLE_PREVIEWS = YES;
				INFOPLIST_FILE = Landmarks/Info.plist;
				LD_RUNPATH_SEARCH_PATHS = (
					"$(inherited)",
					"@executable_path/Frameworks",
				);
				PRODUCT_BUNDLE_IDENTIFIER = pp.Landmarks;
				PRODUCT_NAME = "$(TARGET_NAME)";
				SWIFT_VERSION = 5.0;
				TARGETED_DEVICE_FAMILY = "1,2";
			};
			name = Release;
		};
/* End XCBuildConfiguration section */

/* Begin XCConfigurationList section */
		EE49DA8822C217E900EDA2C8 /* Build configuration list for PBXProject "Landmarks" */ = {
			isa = XCConfigurationList;
			buildConfigurations = (
				EE49DA9F22C217EB00EDA2C8 /* Debug */,
				EE49DAA022C217EB00EDA2C8 /* Release */,
			);
			defaultConfigurationIsVisible = 0;
			defaultConfigurationName = Release;
		};
		EE49DAA122C217EB00EDA2C8 /* Build configuration list for PBXNativeTarget "Landmarks" */ = {
			isa = XCConfigurationList;
			buildConfigurations = (
				EE49DAA222C217EB00EDA2C8 /* Debug */,
				EE49DAA322C217EB00EDA2C8 /* Release */,
			);
			defaultConfigurationIsVisible = 0;
			defaultConfigurationName = Release;
		};
/* End XCConfigurationList section */
	};
	rootObject = EE49DA8522C217E900EDA2C8 /* Project object */;
}
